// !$*UTF8*$!
{
	archiveVersion = 1;
	classes = {
	};
	objectVersion = 46;
	objects = {

/* Begin PBXBuildFile section */
		B5CF62F61AD51F9E00D34155 /* Foundation.framework in Frameworks */ = {isa = PBXBuildFile; fileRef = B5CF62F51AD51F9E00D34155 /* Foundation.framework */; };
		B5CF62F81AD51F9E00D34155 /* CoreGraphics.framework in Frameworks */ = {isa = PBXBuildFile; fileRef = B5CF62F71AD51F9E00D34155 /* CoreGraphics.framework */; };
		B5CF62FA1AD51F9E00D34155 /* UIKit.framework in Frameworks */ = {isa = PBXBuildFile; fileRef = B5CF62F91AD51F9E00D34155 /* UIKit.framework */; };
		B5CF62FC1AD51F9E00D34155 /* SpriteKit.framework in Frameworks */ = {isa = PBXBuildFile; fileRef = B5CF62FB1AD51F9E00D34155 /* SpriteKit.framework */; };
		B5CF63021AD51F9E00D34155 /* InfoPlist.strings in Resources */ = {isa = PBXBuildFile; fileRef = B5CF63001AD51F9E00D34155 /* InfoPlist.strings */; };
		B5CF63041AD51F9E00D34155 /* main.m in Sources */ = {isa = PBXBuildFile; fileRef = B5CF63031AD51F9E00D34155 /* main.m */; };
		B5CF63081AD51F9E00D34155 /* AppDelegate.m in Sources */ = {isa = PBXBuildFile; fileRef = B5CF63071AD51F9E00D34155 /* AppDelegate.m */; };
		B5CF630B1AD51F9E00D34155 /* Main.storyboard in Resources */ = {isa = PBXBuildFile; fileRef = B5CF63091AD51F9E00D34155 /* Main.storyboard */; };
		B5CF630E1AD51F9E00D34155 /* ViewController.m in Sources */ = {isa = PBXBuildFile; fileRef = B5CF630D1AD51F9E00D34155 /* ViewController.m */; };
		B5CF63111AD51F9E00D34155 /* MyScene.m in Sources */ = {isa = PBXBuildFile; fileRef = B5CF63101AD51F9E00D34155 /* MyScene.m */; };
		B5CF63131AD51F9E00D34155 /* Spaceship.png in Resources */ = {isa = PBXBuildFile; fileRef = B5CF63121AD51F9E00D34155 /* Spaceship.png */; };
		B5CF63151AD51F9E00D34155 /* Images.xcassets in Resources */ = {isa = PBXBuildFile; fileRef = B5CF63141AD51F9E00D34155 /* Images.xcassets */; };
		B5CF631C1AD51F9E00D34155 /* XCTest.framework in Frameworks */ = {isa = PBXBuildFile; fileRef = B5CF631B1AD51F9E00D34155 /* XCTest.framework */; };
		B5CF631D1AD51F9E00D34155 /* Foundation.framework in Frameworks */ = {isa = PBXBuildFile; fileRef = B5CF62F51AD51F9E00D34155 /* Foundation.framework */; };
		B5CF631E1AD51F9E00D34155 /* UIKit.framework in Frameworks */ = {isa = PBXBuildFile; fileRef = B5CF62F91AD51F9E00D34155 /* UIKit.framework */; };
		B5CF63261AD51F9E00D34155 /* InfoPlist.strings in Resources */ = {isa = PBXBuildFile; fileRef = B5CF63241AD51F9E00D34155 /* InfoPlist.strings */; };
		B5CF63281AD51F9E00D34155 /* Try_Sheep_CountTests.m in Sources */ = {isa = PBXBuildFile; fileRef = B5CF63271AD51F9E00D34155 /* Try_Sheep_CountTests.m */; };
/* End PBXBuildFile section */

/* Begin PBXContainerItemProxy section */
		B5CF631F1AD51F9E00D34155 /* PBXContainerItemProxy */ = {
			isa = PBXContainerItemProxy;
			containerPortal = B5CF62EA1AD51F9E00D34155 /* Project object */;
			proxyType = 1;
			remoteGlobalIDString = B5CF62F11AD51F9E00D34155;
			remoteInfo = Try_Sheep_Count;
		};
/* End PBXContainerItemProxy section */

/* Begin PBXFileReference section */
		B5CF62F21AD51F9E00D34155 /* Try_Sheep_Count.app */ = {isa = PBXFileReference; explicitFileType = wrapper.application; includeInIndex = 0; path = Try_Sheep_Count.app; sourceTree = BUILT_PRODUCTS_DIR; };
		B5CF62F51AD51F9E00D34155 /* Foundation.framework */ = {isa = PBXFileReference; lastKnownFileType = wrapper.framework; name = Foundation.framework; path = System/Library/Frameworks/Foundation.framework; sourceTree = SDKROOT; };
		B5CF62F71AD51F9E00D34155 /* CoreGraphics.framework */ = {isa = PBXFileReference; lastKnownFileType = wrapper.framework; name = CoreGraphics.framework; path = System/Library/Frameworks/CoreGraphics.framework; sourceTree = SDKROOT; };
		B5CF62F91AD51F9E00D34155 /* UIKit.framework */ = {isa = PBXFileReference; lastKnownFileType = wrapper.framework; name = UIKit.framework; path = System/Library/Frameworks/UIKit.framework; sourceTree = SDKROOT; };
		B5CF62FB1AD51F9E00D34155 /* SpriteKit.framework */ = {isa = PBXFileReference; lastKnownFileType = wrapper.framework; name = SpriteKit.framework; path = System/Library/Frameworks/SpriteKit.framework; sourceTree = SDKROOT; };
		B5CF62FF1AD51F9E00D34155 /* Try_Sheep_Count-Info.plist */ = {isa = PBXFileReference; lastKnownFileType = text.plist.xml; path = "Try_Sheep_Count-Info.plist"; sourceTree = "<group>"; };
		B5CF63011AD51F9E00D34155 /* en */ = {isa = PBXFileReference; lastKnownFileType = text.plist.strings; name = en; path = en.lproj/InfoPlist.strings; sourceTree = "<group>"; };
		B5CF63031AD51F9E00D34155 /* main.m */ = {isa = PBXFileReference; lastKnownFileType = sourcecode.c.objc; path = main.m; sourceTree = "<group>"; };
		B5CF63051AD51F9E00D34155 /* Try_Sheep_Count-Prefix.pch */ = {isa = PBXFileReference; lastKnownFileType = sourcecode.c.h; path = "Try_Sheep_Count-Prefix.pch"; sourceTree = "<group>"; };
		B5CF63061AD51F9E00D34155 /* AppDelegate.h */ = {isa = PBXFileReference; lastKnownFileType = sourcecode.c.h; path = AppDelegate.h; sourceTree = "<group>"; };
		B5CF63071AD51F9E00D34155 /* AppDelegate.m */ = {isa = PBXFileReference; lastKnownFileType = sourcecode.c.objc; path = AppDelegate.m; sourceTree = "<group>"; };
		B5CF630A1AD51F9E00D34155 /* Base */ = {isa = PBXFileReference; lastKnownFileType = file.storyboard; name = Base; path = Base.lproj/Main.storyboard; sourceTree = "<group>"; };
		B5CF630C1AD51F9E00D34155 /* ViewController.h */ = {isa = PBXFileReference; lastKnownFileType = sourcecode.c.h; path = ViewController.h; sourceTree = "<group>"; };
		B5CF630D1AD51F9E00D34155 /* ViewController.m */ = {isa = PBXFileReference; lastKnownFileType = sourcecode.c.objc; path = ViewController.m; sourceTree = "<group>"; };
		B5CF630F1AD51F9E00D34155 /* MyScene.h */ = {isa = PBXFileReference; lastKnownFileType = sourcecode.c.h; path = MyScene.h; sourceTree = "<group>"; };
		B5CF63101AD51F9E00D34155 /* MyScene.m */ = {isa = PBXFileReference; lastKnownFileType = sourcecode.c.objc; path = MyScene.m; sourceTree = "<group>"; };
		B5CF63121AD51F9E00D34155 /* Spaceship.png */ = {isa = PBXFileReference; lastKnownFileType = image.png; path = Spaceship.png; sourceTree = "<group>"; };
		B5CF63141AD51F9E00D34155 /* Images.xcassets */ = {isa = PBXFileReference; lastKnownFileType = folder.assetcatalog; path = Images.xcassets; sourceTree = "<group>"; };
		B5CF631A1AD51F9E00D34155 /* Try_Sheep_CountTests.xctest */ = {isa = PBXFileReference; explicitFileType = wrapper.cfbundle; includeInIndex = 0; path = Try_Sheep_CountTests.xctest; sourceTree = BUILT_PRODUCTS_DIR; };
		B5CF631B1AD51F9E00D34155 /* XCTest.framework */ = {isa = PBXFileReference; lastKnownFileType = wrapper.framework; name = XCTest.framework; path = Library/Frameworks/XCTest.framework; sourceTree = DEVELOPER_DIR; };
		B5CF63231AD51F9E00D34155 /* Try_Sheep_CountTests-Info.plist */ = {isa = PBXFileReference; lastKnownFileType = text.plist.xml; path = "Try_Sheep_CountTests-Info.plist"; sourceTree = "<group>"; };
		B5CF63251AD51F9E00D34155 /* en */ = {isa = PBXFileReference; lastKnownFileType = text.plist.strings; name = en; path = en.lproj/InfoPlist.strings; sourceTree = "<group>"; };
		B5CF63271AD51F9E00D34155 /* Try_Sheep_CountTests.m */ = {isa = PBXFileReference; lastKnownFileType = sourcecode.c.objc; path = Try_Sheep_CountTests.m; sourceTree = "<group>"; };
/* End PBXFileReference section */

/* Begin PBXFrameworksBuildPhase section */
		B5CF62EF1AD51F9E00D34155 /* Frameworks */ = {
			isa = PBXFrameworksBuildPhase;
			buildActionMask = 2147483647;
			files = (
				B5CF62F81AD51F9E00D34155 /* CoreGraphics.framework in Frameworks */,
				B5CF62FA1AD51F9E00D34155 /* UIKit.framework in Frameworks */,
				B5CF62FC1AD51F9E00D34155 /* SpriteKit.framework in Frameworks */,
				B5CF62F61AD51F9E00D34155 /* Foundation.framework in Frameworks */,
			);
			runOnlyForDeploymentPostprocessing = 0;
		};
		B5CF63171AD51F9E00D34155 /* Frameworks */ = {
			isa = PBXFrameworksBuildPhase;
			buildActionMask = 2147483647;
			files = (
				B5CF631C1AD51F9E00D34155 /* XCTest.framework in Frameworks */,
				B5CF631E1AD51F9E00D34155 /* UIKit.framework in Frameworks */,
				B5CF631D1AD51F9E00D34155 /* Foundation.framework in Frameworks */,
			);
			runOnlyForDeploymentPostprocessing = 0;
		};
/* End PBXFrameworksBuildPhase section */

/* Begin PBXGroup section */
		B5CF62E91AD51F9E00D34155 = {
			isa = PBXGroup;
			children = (
				B5CF62FD1AD51F9E00D34155 /* Try_Sheep_Count */,
				B5CF63211AD51F9E00D34155 /* Try_Sheep_CountTests */,
				B5CF62F41AD51F9E00D34155 /* Frameworks */,
				B5CF62F31AD51F9E00D34155 /* Products */,
			);
			sourceTree = "<group>";
		};
		B5CF62F31AD51F9E00D34155 /* Products */ = {
			isa = PBXGroup;
			children = (
				B5CF62F21AD51F9E00D34155 /* Try_Sheep_Count.app */,
				B5CF631A1AD51F9E00D34155 /* Try_Sheep_CountTests.xctest */,
			);
			name = Products;
			sourceTree = "<group>";
		};
		B5CF62F41AD51F9E00D34155 /* Frameworks */ = {
			isa = PBXGroup;
			children = (
				B5CF62F51AD51F9E00D34155 /* Foundation.framework */,
				B5CF62F71AD51F9E00D34155 /* CoreGraphics.framework */,
				B5CF62F91AD51F9E00D34155 /* UIKit.framework */,
				B5CF62FB1AD51F9E00D34155 /* SpriteKit.framework */,
				B5CF631B1AD51F9E00D34155 /* XCTest.framework */,
			);
			name = Frameworks;
			sourceTree = "<group>";
		};
		B5CF62FD1AD51F9E00D34155 /* Try_Sheep_Count */ = {
			isa = PBXGroup;
			children = (
				B5CF63061AD51F9E00D34155 /* AppDelegate.h */,
				B5CF63071AD51F9E00D34155 /* AppDelegate.m */,
				B5CF63091AD51F9E00D34155 /* Main.storyboard */,
				B5CF630C1AD51F9E00D34155 /* ViewController.h */,
				B5CF630D1AD51F9E00D34155 /* ViewController.m */,
				B5CF630F1AD51F9E00D34155 /* MyScene.h */,
				B5CF63101AD51F9E00D34155 /* MyScene.m */,
				B5CF63121AD51F9E00D34155 /* Spaceship.png */,
				B5CF63141AD51F9E00D34155 /* Images.xcassets */,
				B5CF62FE1AD51F9E00D34155 /* Supporting Files */,
			);
			path = Try_Sheep_Count;
			sourceTree = "<group>";
		};
		B5CF62FE1AD51F9E00D34155 /* Supporting Files */ = {
			isa = PBXGroup;
			children = (
				B5CF62FF1AD51F9E00D34155 /* Try_Sheep_Count-Info.plist */,
				B5CF63001AD51F9E00D34155 /* InfoPlist.strings */,
				B5CF63031AD51F9E00D34155 /* main.m */,
				B5CF63051AD51F9E00D34155 /* Try_Sheep_Count-Prefix.pch */,
			);
			name = "Supporting Files";
			sourceTree = "<group>";
		};
		B5CF63211AD51F9E00D34155 /* Try_Sheep_CountTests */ = {
			isa = PBXGroup;
			children = (
				B5CF63271AD51F9E00D34155 /* Try_Sheep_CountTests.m */,
				B5CF63221AD51F9E00D34155 /* Supporting Files */,
			);
			path = Try_Sheep_CountTests;
			sourceTree = "<group>";
		};
		B5CF63221AD51F9E00D34155 /* Supporting Files */ = {
			isa = PBXGroup;
			children = (
				B5CF63231AD51F9E00D34155 /* Try_Sheep_CountTests-Info.plist */,
				B5CF63241AD51F9E00D34155 /* InfoPlist.strings */,
			);
			name = "Supporting Files";
			sourceTree = "<group>";
		};
/* End PBXGroup section */

/* Begin PBXNativeTarget section */
		B5CF62F11AD51F9E00D34155 /* Try_Sheep_Count */ = {
			isa = PBXNativeTarget;
			buildConfigurationList = B5CF632B1AD51F9E00D34155 /* Build configuration list for PBXNativeTarget "Try_Sheep_Count" */;
			buildPhases = (
				B5CF62EE1AD51F9E00D34155 /* Sources */,
				B5CF62EF1AD51F9E00D34155 /* Frameworks */,
				B5CF62F01AD51F9E00D34155 /* Resources */,
			);
			buildRules = (
			);
			dependencies = (
			);
			name = Try_Sheep_Count;
			productName = Try_Sheep_Count;
			productReference = B5CF62F21AD51F9E00D34155 /* Try_Sheep_Count.app */;
			productType = "com.apple.product-type.application";
		};
		B5CF63191AD51F9E00D34155 /* Try_Sheep_CountTests */ = {
			isa = PBXNativeTarget;
			buildConfigurationList = B5CF632E1AD51F9E00D34155 /* Build configuration list for PBXNativeTarget "Try_Sheep_CountTests" */;
			buildPhases = (
				B5CF63161AD51F9E00D34155 /* Sources */,
				B5CF63171AD51F9E00D34155 /* Frameworks */,
				B5CF63181AD51F9E00D34155 /* Resources */,
			);
			buildRules = (
			);
			dependencies = (
				B5CF63201AD51F9E00D34155 /* PBXTargetDependency */,
			);
			name = Try_Sheep_CountTests;
			productName = Try_Sheep_CountTests;
			productReference = B5CF631A1AD51F9E00D34155 /* Try_Sheep_CountTests.xctest */;
			productType = "com.apple.product-type.bundle.unit-test";
		};
/* End PBXNativeTarget section */

/* Begin PBXProject section */
		B5CF62EA1AD51F9E00D34155 /* Project object */ = {
			isa = PBXProject;
			attributes = {
				LastUpgradeCheck = 0510;
				ORGANIZATIONNAME = "___FULLUSERNAME___";
				TargetAttributes = {
					B5CF63191AD51F9E00D34155 = {
						TestTargetID = B5CF62F11AD51F9E00D34155;
					};
				};
			};
			buildConfigurationList = B5CF62ED1AD51F9E00D34155 /* Build configuration list for PBXProject "Try_Sheep_Count" */;
			compatibilityVersion = "Xcode 3.2";
			developmentRegion = English;
			hasScannedForEncodings = 0;
			knownRegions = (
				en,
				Base,
			);
			mainGroup = B5CF62E91AD51F9E00D34155;
			productRefGroup = B5CF62F31AD51F9E00D34155 /* Products */;
			projectDirPath = "";
			projectRoot = "";
			targets = (
				B5CF62F11AD51F9E00D34155 /* Try_Sheep_Count */,
				B5CF63191AD51F9E00D34155 /* Try_Sheep_CountTests */,
			);
		};
/* End PBXProject section */

/* Begin PBXResourcesBuildPhase section */
		B5CF62F01AD51F9E00D34155 /* Resources */ = {
			isa = PBXResourcesBuildPhase;
			buildActionMask = 2147483647;
			files = (
				B5CF63021AD51F9E00D34155 /* InfoPlist.strings in Resources */,
				B5CF63151AD51F9E00D34155 /* Images.xcassets in Resources */,
				B5CF63131AD51F9E00D34155 /* Spaceship.png in Resources */,
				B5CF630B1AD51F9E00D34155 /* Main.storyboard in Resources */,
			);
			runOnlyForDeploymentPostprocessing = 0;
		};
		B5CF63181AD51F9E00D34155 /* Resources */ = {
			isa = PBXResourcesBuildPhase;
			buildActionMask = 2147483647;
			files = (
				B5CF63261AD51F9E00D34155 /* InfoPlist.strings in Resources */,
			);
			runOnlyForDeploymentPostprocessing = 0;
		};
/* End PBXResourcesBuildPhase section */

/* Begin PBXSourcesBuildPhase section */
		B5CF62EE1AD51F9E00D34155 /* Sources */ = {
			isa = PBXSourcesBuildPhase;
			buildActionMask = 2147483647;
			files = (
				B5CF63111AD51F9E00D34155 /* MyScene.m in Sources */,
				B5CF630E1AD51F9E00D34155 /* ViewController.m in Sources */,
				B5CF63081AD51F9E00D34155 /* AppDelegate.m in Sources */,
				B5CF63041AD51F9E00D34155 /* main.m in Sources */,
			);
			runOnlyForDeploymentPostprocessing = 0;
		};
		B5CF63161AD51F9E00D34155 /* Sources */ = {
			isa = PBXSourcesBuildPhase;
			buildActionMask = 2147483647;
			files = (
				B5CF63281AD51F9E00D34155 /* Try_Sheep_CountTests.m in Sources */,
			);
			runOnlyForDeploymentPostprocessing = 0;
		};
/* End PBXSourcesBuildPhase section */

/* Begin PBXTargetDependency section */
		B5CF63201AD51F9E00D34155 /* PBXTargetDependency */ = {
			isa = PBXTargetDependency;
			target = B5CF62F11AD51F9E00D34155 /* Try_Sheep_Count */;
			targetProxy = B5CF631F1AD51F9E00D34155 /* PBXContainerItemProxy */;
		};
/* End PBXTargetDependency section */

/* Begin PBXVariantGroup section */
		B5CF63001AD51F9E00D34155 /* InfoPlist.strings */ = {
			isa = PBXVariantGroup;
			children = (
				B5CF63011AD51F9E00D34155 /* en */,
			);
			name = InfoPlist.strings;
			sourceTree = "<group>";
		};
		B5CF63091AD51F9E00D34155 /* Main.storyboard */ = {
			isa = PBXVariantGroup;
			children = (
				B5CF630A1AD51F9E00D34155 /* Base */,
			);
			name = Main.storyboard;
			sourceTree = "<group>";
		};
		B5CF63241AD51F9E00D34155 /* InfoPlist.strings */ = {
			isa = PBXVariantGroup;
			children = (
				B5CF63251AD51F9E00D34155 /* en */,
			);
			name = InfoPlist.strings;
			sourceTree = "<group>";
		};
/* End PBXVariantGroup section */

/* Begin XCBuildConfiguration section */
		B5CF63291AD51F9E00D34155 /* Debug */ = {
			isa = XCBuildConfiguration;
			buildSettings = {
				ALWAYS_SEARCH_USER_PATHS = NO;
				CLANG_CXX_LANGUAGE_STANDARD = "gnu++0x";
				CLANG_CXX_LIBRARY = "libc++";
				CLANG_ENABLE_MODULES = YES;
				CLANG_ENABLE_OBJC_ARC = YES;
				CLANG_WARN_BOOL_CONVERSION = YES;
				CLANG_WARN_CONSTANT_CONVERSION = YES;
				CLANG_WARN_DIRECT_OBJC_ISA_USAGE = YES_ERROR;
				CLANG_WARN_EMPTY_BODY = YES;
				CLANG_WARN_ENUM_CONVERSION = YES;
				CLANG_WARN_INT_CONVERSION = YES;
				CLANG_WARN_OBJC_ROOT_CLASS = YES_ERROR;
				CLANG_WARN__DUPLICATE_METHOD_MATCH = YES;
				"CODE_SIGN_IDENTITY[sdk=iphoneos*]" = "iPhone Developer";
				COPY_PHASE_STRIP = NO;
				GCC_C_LANGUAGE_STANDARD = gnu99;
				GCC_DYNAMIC_NO_PIC = NO;
				GCC_OPTIMIZATION_LEVEL = 0;
				GCC_PREPROCESSOR_DEFINITIONS = (
					"DEBUG=1",
					"$(inherited)",
				);
				GCC_SYMBOLS_PRIVATE_EXTERN = NO;
				GCC_WARN_64_TO_32_BIT_CONVERSION = YES;
				GCC_WARN_ABOUT_RETURN_TYPE = YES_ERROR;
				GCC_WARN_UNDECLARED_SELECTOR = YES;
				GCC_WARN_UNINITIALIZED_AUTOS = YES_AGGRESSIVE;
				GCC_WARN_UNUSED_FUNCTION = YES;
				GCC_WARN_UNUSED_VARIABLE = YES;
				IPHONEOS_DEPLOYMENT_TARGET = 7.1;
				ONLY_ACTIVE_ARCH = YES;
				SDKROOT = iphoneos;
			};
			name = Debug;
		};
		B5CF632A1AD51F9E00D34155 /* Release */ = {
			isa = XCBuildConfiguration;
			buildSettings = {
				ALWAYS_SEARCH_USER_PATHS = NO;
				CLANG_CXX_LANGUAGE_STANDARD = "gnu++0x";
				CLANG_CXX_LIBRARY = "libc++";
				CLANG_ENABLE_MODULES = YES;
				CLANG_ENABLE_OBJC_ARC = YES;
				CLANG_WARN_BOOL_CONVERSION = YES;
				CLANG_WARN_CONSTANT_CONVERSION = YES;
				CLANG_WARN_DIRECT_OBJC_ISA_USAGE = YES_ERROR;
				CLANG_WARN_EMPTY_BODY = YES;
				CLANG_WARN_ENUM_CONVERSION = YES;
				CLANG_WARN_INT_CONVERSION = YES;
				CLANG_WARN_OBJC_ROOT_CLASS = YES_ERROR;
				CLANG_WARN__DUPLICATE_METHOD_MATCH = YES;
				"CODE_SIGN_IDENTITY[sdk=iphoneos*]" = "iPhone Developer";
				COPY_PHASE_STRIP = YES;
				ENABLE_NS_ASSERTIONS = NO;
				GCC_C_LANGUAGE_STANDARD = gnu99;
				GCC_WARN_64_TO_32_BIT_CONVERSION = YES;
				GCC_WARN_ABOUT_RETURN_TYPE = YES_ERROR;
				GCC_WARN_UNDECLARED_SELECTOR = YES;
				GCC_WARN_UNINITIALIZED_AUTOS = YES_AGGRESSIVE;
				GCC_WARN_UNUSED_FUNCTION = YES;
				GCC_WARN_UNUSED_VARIABLE = YES;
				IPHONEOS_DEPLOYMENT_TARGET = 7.1;
				SDKROOT = iphoneos;
				VALIDATE_PRODUCT = YES;
			};
			name = Release;
		};
		B5CF632C1AD51F9E00D34155 /* Debug */ = {
			isa = XCBuildConfiguration;
			buildSettings = {
				ASSETCATALOG_COMPILER_APPICON_NAME = AppIcon;
				ASSETCATALOG_COMPILER_LAUNCHIMAGE_NAME = LaunchImage;
				GCC_PRECOMPILE_PREFIX_HEADER = YES;
				GCC_PREFIX_HEADER = "Try_Sheep_Count/Try_Sheep_Count-Prefix.pch";
				INFOPLIST_FILE = "Try_Sheep_Count/Try_Sheep_Count-Info.plist";
				PRODUCT_NAME = "$(TARGET_NAME)";
				SPRITEKIT_TEXTURE_ATLAS_OUTPUT = YES;
				WRAPPER_EXTENSION = app;
			};
			name = Debug;
		};
		B5CF632D1AD51F9E00D34155 /* Release */ = {
			isa = XCBuildConfiguration;
			buildSettings = {
				ASSETCATALOG_COMPILER_APPICON_NAME = AppIcon;
				ASSETCATALOG_COMPILER_LAUNCHIMAGE_NAME = LaunchImage;
				GCC_PRECOMPILE_PREFIX_HEADER = YES;
				GCC_PREFIX_HEADER = "Try_Sheep_Count/Try_Sheep_Count-Prefix.pch";
				INFOPLIST_FILE = "Try_Sheep_Count/Try_Sheep_Count-Info.plist";
				PRODUCT_NAME = "$(TARGET_NAME)";
				SPRITEKIT_TEXTURE_ATLAS_OUTPUT = YES;
				WRAPPER_EXTENSION = app;
			};
			name = Release;
		};
		B5CF632F1AD51F9E00D34155 /* Debug */ = {
			isa = XCBuildConfiguration;
			buildSettings = {
				BUNDLE_LOADER = "$(BUILT_PRODUCTS_DIR)/Try_Sheep_Count.app/Try_Sheep_Count";
				FRAMEWORK_SEARCH_PATHS = (
					"$(SDKROOT)/Developer/Library/Frameworks",
					"$(inherited)",
					"$(DEVELOPER_FRAMEWORKS_DIR)",
				);
				GCC_PRECOMPILE_PREFIX_HEADER = YES;
				GCC_PREFIX_HEADER = "Try_Sheep_Count/Try_Sheep_Count-Prefix.pch";
				GCC_PREPROCESSOR_DEFINITIONS = (
					"DEBUG=1",
					"$(inherited)",
				);
				INFOPLIST_FILE = "Try_Sheep_CountTests/Try_Sheep_CountTests-Info.plist";
				PRODUCT_NAME = "$(TARGET_NAME)";
				TEST_HOST = "$(BUNDLE_LOADER)";
				WRAPPER_EXTENSION = xctest;
			};
			name = Debug;
		};
		B5CF63301AD51F9E00D34155 /* Release */ = {
			isa = XCBuildConfiguration;
			buildSettings = {
				BUNDLE_LOADER = "$(BUILT_PRODUCTS_DIR)/Try_Sheep_Count.app/Try_Sheep_Count";
				FRAMEWORK_SEARCH_PATHS = (
					"$(SDKROOT)/Developer/Library/Frameworks",
					"$(inherited)",
					"$(DEVELOPER_FRAMEWORKS_DIR)",
				);
				GCC_PRECOMPILE_PREFIX_HEADER = YES;
				GCC_PREFIX_HEADER = "Try_Sheep_Count/Try_Sheep_Count-Prefix.pch";
				INFOPLIST_FILE = "Try_Sheep_CountTests/Try_Sheep_CountTests-Info.plist";
				PRODUCT_NAME = "$(TARGET_NAME)";
				TEST_HOST = "$(BUNDLE_LOADER)";
				WRAPPER_EXTENSION = xctest;
			};
			name = Release;
		};
/* End XCBuildConfiguration section */

/* Begin XCConfigurationList section */
		B5CF62ED1AD51F9E00D34155 /* Build configuration list for PBXProject "Try_Sheep_Count" */ = {
			isa = XCConfigurationList;
			buildConfigurations = (
				B5CF63291AD51F9E00D34155 /* Debug */,
				B5CF632A1AD51F9E00D34155 /* Release */,
			);
			defaultConfigurationIsVisible = 0;
			defaultConfigurationName = Release;
		};
		B5CF632B1AD51F9E00D34155 /* Build configuration list for PBXNativeTarget "Try_Sheep_Count" */ = {
			isa = XCConfigurationList;
			buildConfigurations = (
				B5CF632C1AD51F9E00D34155 /* Debug */,
				B5CF632D1AD51F9E00D34155 /* Release */,
			);
			defaultConfigurationIsVisible = 0;
		};
		B5CF632E1AD51F9E00D34155 /* Build configuration list for PBXNativeTarget "Try_Sheep_CountTests" */ = {
			isa = XCConfigurationList;
			buildConfigurations = (
				B5CF632F1AD51F9E00D34155 /* Debug */,
				B5CF63301AD51F9E00D34155 /* Release */,
			);
			defaultConfigurationIsVisible = 0;
		};
/* End XCConfigurationList section */
	};
	rootObject = B5CF62EA1AD51F9E00D34155 /* Project object */;
}
